
Microsoft Visual Studio Solution File, Format Version 12.00
# Visual Studio Version 17
VisualStudioVersion = 17.3.32901.215
MinimumVisualStudioVersion = 10.0.40219.1
Project("{888888A0-9F3D-457C-B088-3A5042F75D52}") = "rgrabba", "rgrabba.pyproj", "{C93383BE-839C-4ED6-91F4-2224236507CD}"
EndProject
Global
	GlobalSection(SolutionConfigurationPlatforms) = preSolution
		Debug|Any CPU = Debug|Any CPU
		Release|Any CPU = Release|Any CPU
	EndGlobalSection
	GlobalSection(ProjectConfigurationPlatforms) = postSolution
		{C93383BE-839C-4ED6-91F4-2224236507CD}.Debug|Any CPU.ActiveCfg = Debug|Any CPU
		{C93383BE-839C-4ED6-91F4-2224236507CD}.Release|Any CPU.ActiveCfg = Release|Any CPU
	EndGlobalSection
	GlobalSection(SolutionProperties) = preSolution
		HideSolutionNode = FALSE
	EndGlobalSection
	GlobalSection(ExtensibilityGlobals) = postSolution
		SolutionGuid = {2CD3541F-D4EF-4514-A108-10AA4AB27EBB}
	EndGlobalSection
EndGlobal
